// !$*UTF8*$!
{
	archiveVersion = 1;
	classes = {
	};
	objectVersion = 51;
	objects = {

/* Begin PBXBuildFile section */
		2E1FD7FDC71E8031D23EFD90 /* libPods-TextEditor.a in Frameworks */ = {isa = PBXBuildFile; fileRef = 55AFF959163711813A3E19B8 /* libPods-TextEditor.a */; };
		AA8A3BA224E4F1A600849232 /* AppDelegate.swift in Sources */ = {isa = PBXBuildFile; fileRef = AA8A3BA124E4F1A600849232 /* AppDelegate.swift */; };
		AA8A3BA924E4F1A600849232 /* Main.storyboard in Resources */ = {isa = PBXBuildFile; fileRef = AA8A3BA724E4F1A600849232 /* Main.storyboard */; };
		AA8A3BAB24E4F1A700849232 /* Assets.xcassets in Resources */ = {isa = PBXBuildFile; fileRef = AA8A3BAA24E4F1A700849232 /* Assets.xcassets */; };
		AA8A3BAE24E4F1A700849232 /* LaunchScreen.storyboard in Resources */ = {isa = PBXBuildFile; fileRef = AA8A3BAC24E4F1A700849232 /* LaunchScreen.storyboard */; };
		AA8A3CE124E518A300849232 /* SLBlurView.m in Sources */ = {isa = PBXBuildFile; fileRef = AA8A3CBE24E518A300849232 /* SLBlurView.m */; };
		AA8A3CE224E518A300849232 /* SLPaddingLabel.m in Sources */ = {isa = PBXBuildFile; fileRef = AA8A3CBF24E518A300849232 /* SLPaddingLabel.m */; };
		AA8A3CE324E518A300849232 /* UIColor+SLCommon.m in Sources */ = {isa = PBXBuildFile; fileRef = AA8A3CC324E518A300849232 /* UIColor+SLCommon.m */; };
		AA8A3CE424E518A300849232 /* UIView+SLFrame.m in Sources */ = {isa = PBXBuildFile; fileRef = AA8A3CC424E518A300849232 /* UIView+SLFrame.m */; };
		AA8A3CE524E518A300849232 /* UIView+SLImage.m in Sources */ = {isa = PBXBuildFile; fileRef = AA8A3CC924E518A300849232 /* UIView+SLImage.m */; };
		AA8A3CE624E518A300849232 /* UIImage+SLCommon.m in Sources */ = {isa = PBXBuildFile; fileRef = AA8A3CCA24E518A300849232 /* UIImage+SLCommon.m */; };
		AA8A3CE724E518A300849232 /* SLImageClipController.m in Sources */ = {isa = PBXBuildFile; fileRef = AA8A3CCD24E518A300849232 /* SLImageClipController.m */; };
		AA8A3CE824E518A400849232 /* SLEditImageController.m in Sources */ = {isa = PBXBuildFile; fileRef = AA8A3CCE24E518A300849232 /* SLEditImageController.m */; };
		AA8A3CE924E518A400849232 /* SLGridView.m in Sources */ = {isa = PBXBuildFile; fileRef = AA8A3CD124E518A300849232 /* SLGridView.m */; };
		AA8A3CEA24E518A400849232 /* SLEditTextView.m in Sources */ = {isa = PBXBuildFile; fileRef = AA8A3CD224E518A300849232 /* SLEditTextView.m */; };
		AA8A3CEB24E518A400849232 /* SLDrawView.m in Sources */ = {isa = PBXBuildFile; fileRef = AA8A3CD324E518A300849232 /* SLDrawView.m */; };
		AA8A3CEC24E518A400849232 /* SLEditMenuView.m in Sources */ = {isa = PBXBuildFile; fileRef = AA8A3CD424E518A300849232 /* SLEditMenuView.m */; };
		AA8A3CED24E518A400849232 /* SLMosaicView.m in Sources */ = {isa = PBXBuildFile; fileRef = AA8A3CD824E518A300849232 /* SLMosaicView.m */; };
		AA8A3CEE24E518A400849232 /* SLImageZoomView.m in Sources */ = {isa = PBXBuildFile; fileRef = AA8A3CDC24E518A300849232 /* SLImageZoomView.m */; };
		AA8A3CEF24E518A400849232 /* SLEditVideoClipping.m in Sources */ = {isa = PBXBuildFile; fileRef = AA8A3CDE24E518A300849232 /* SLEditVideoClipping.m */; };
		AA8A3CF024E518A400849232 /* SLEditSelectedBox.m in Sources */ = {isa = PBXBuildFile; fileRef = AA8A3CDF24E518A300849232 /* SLEditSelectedBox.m */; };
		AA8A3CF824E518FD00849232 /* SLImageView.m in Sources */ = {isa = PBXBuildFile; fileRef = AA8A3CF324E518FD00849232 /* SLImageView.m */; };
		AA8A3CF924E518FD00849232 /* SLImage.m in Sources */ = {isa = PBXBuildFile; fileRef = AA8A3CF424E518FD00849232 /* SLImage.m */; };
		AA8A3CFE24E519BD00849232 /* SLImageDecoder.m in Sources */ = {isa = PBXBuildFile; fileRef = AA8A3CFC24E519BD00849232 /* SLImageDecoder.m */; };
		AA8A3CFF24E519BD00849232 /* WebP.framework in Frameworks */ = {isa = PBXBuildFile; fileRef = AA8A3CFD24E519BD00849232 /* WebP.framework */; };
		AA8A3D0224E51A5500849232 /* SLDelayPerform.m in Sources */ = {isa = PBXBuildFile; fileRef = AA8A3D0124E51A5500849232 /* SLDelayPerform.m */; };
/* End PBXBuildFile section */

/* Begin PBXFileReference section */
		1F6A8DDA6580FA87AE43FC3C /* Pods-TextEditor.release.xcconfig */ = {isa = PBXFileReference; includeInIndex = 1; lastKnownFileType = text.xcconfig; name = "Pods-TextEditor.release.xcconfig"; path = "Target Support Files/Pods-TextEditor/Pods-TextEditor.release.xcconfig"; sourceTree = "<group>"; };
		55AFF959163711813A3E19B8 /* libPods-TextEditor.a */ = {isa = PBXFileReference; explicitFileType = archive.ar; includeInIndex = 0; path = "libPods-TextEditor.a"; sourceTree = BUILT_PRODUCTS_DIR; };
		9E09A486D494604EA5FD2AFB /* Pods-TextEditor.debug.xcconfig */ = {isa = PBXFileReference; includeInIndex = 1; lastKnownFileType = text.xcconfig; name = "Pods-TextEditor.debug.xcconfig"; path = "Target Support Files/Pods-TextEditor/Pods-TextEditor.debug.xcconfig"; sourceTree = "<group>"; };
		AA8A3B9E24E4F1A600849232 /* TextEditor.app */ = {isa = PBXFileReference; explicitFileType = wrapper.application; includeInIndex = 0; path = TextEditor.app; sourceTree = BUILT_PRODUCTS_DIR; };
		AA8A3BA124E4F1A600849232 /* AppDelegate.swift */ = {isa = PBXFileReference; lastKnownFileType = sourcecode.swift; path = AppDelegate.swift; sourceTree = "<group>"; };
		AA8A3BA824E4F1A600849232 /* Base */ = {isa = PBXFileReference; lastKnownFileType = file.storyboard; name = Base; path = Base.lproj/Main.storyboard; sourceTree = "<group>"; };
		AA8A3BAA24E4F1A700849232 /* Assets.xcassets */ = {isa = PBXFileReference; lastKnownFileType = folder.assetcatalog; path = Assets.xcassets; sourceTree = "<group>"; };
		AA8A3BAD24E4F1A700849232 /* Base */ = {isa = PBXFileReference; lastKnownFileType = file.storyboard; name = Base; path = Base.lproj/LaunchScreen.storyboard; sourceTree = "<group>"; };
		AA8A3BAF24E4F1A700849232 /* Info.plist */ = {isa = PBXFileReference; lastKnownFileType = text.plist.xml; path = Info.plist; sourceTree = "<group>"; };
		AA8A3BB524E4F23200849232 /* brige-brige.h */ = {isa = PBXFileReference; fileEncoding = 4; lastKnownFileType = sourcecode.c.h; path = "brige-brige.h"; sourceTree = "<group>"; };
		AA8A3CBD24E518A300849232 /* SLPaddingLabel.h */ = {isa = PBXFileReference; fileEncoding = 4; lastKnownFileType = sourcecode.c.h; path = SLPaddingLabel.h; sourceTree = "<group>"; };
		AA8A3CBE24E518A300849232 /* SLBlurView.m */ = {isa = PBXFileReference; fileEncoding = 4; lastKnownFileType = sourcecode.c.objc; path = SLBlurView.m; sourceTree = "<group>"; };
		AA8A3CBF24E518A300849232 /* SLPaddingLabel.m */ = {isa = PBXFileReference; fileEncoding = 4; lastKnownFileType = sourcecode.c.objc; path = SLPaddingLabel.m; sourceTree = "<group>"; };
		AA8A3CC024E518A300849232 /* SLBlurView.h */ = {isa = PBXFileReference; fileEncoding = 4; lastKnownFileType = sourcecode.c.h; path = SLBlurView.h; sourceTree = "<group>"; };
		AA8A3CC124E518A300849232 /* HeaderTool.h */ = {isa = PBXFileReference; fileEncoding = 4; lastKnownFileType = sourcecode.c.h; path = HeaderTool.h; sourceTree = "<group>"; };
		AA8A3CC324E518A300849232 /* UIColor+SLCommon.m */ = {isa = PBXFileReference; fileEncoding = 4; lastKnownFileType = sourcecode.c.objc; path = "UIColor+SLCommon.m"; sourceTree = "<group>"; };
		AA8A3CC424E518A300849232 /* UIView+SLFrame.m */ = {isa = PBXFileReference; fileEncoding = 4; lastKnownFileType = sourcecode.c.objc; path = "UIView+SLFrame.m"; sourceTree = "<group>"; };
		AA8A3CC524E518A300849232 /* UIImage+SLCommon.h */ = {isa = PBXFileReference; fileEncoding = 4; lastKnownFileType = sourcecode.c.h; path = "UIImage+SLCommon.h"; sourceTree = "<group>"; };
		AA8A3CC624E518A300849232 /* UIView+SLImage.h */ = {isa = PBXFileReference; fileEncoding = 4; lastKnownFileType = sourcecode.c.h; path = "UIView+SLImage.h"; sourceTree = "<group>"; };
		AA8A3CC724E518A300849232 /* UIColor+SLCommon.h */ = {isa = PBXFileReference; fileEncoding = 4; lastKnownFileType = sourcecode.c.h; path = "UIColor+SLCommon.h"; sourceTree = "<group>"; };
		AA8A3CC824E518A300849232 /* UIView+SLFrame.h */ = {isa = PBXFileReference; fileEncoding = 4; lastKnownFileType = sourcecode.c.h; path = "UIView+SLFrame.h"; sourceTree = "<group>"; };
		AA8A3CC924E518A300849232 /* UIView+SLImage.m */ = {isa = PBXFileReference; fileEncoding = 4; lastKnownFileType = sourcecode.c.objc; path = "UIView+SLImage.m"; sourceTree = "<group>"; };
		AA8A3CCA24E518A300849232 /* UIImage+SLCommon.m */ = {isa = PBXFileReference; fileEncoding = 4; lastKnownFileType = sourcecode.c.objc; path = "UIImage+SLCommon.m"; sourceTree = "<group>"; };
		AA8A3CCC24E518A300849232 /* SLEditImageController.h */ = {isa = PBXFileReference; fileEncoding = 4; lastKnownFileType = sourcecode.c.h; path = SLEditImageController.h; sourceTree = "<group>"; };
		AA8A3CCD24E518A300849232 /* SLImageClipController.m */ = {isa = PBXFileReference; fileEncoding = 4; lastKnownFileType = sourcecode.c.objc; path = SLImageClipController.m; sourceTree = "<group>"; };
		AA8A3CCE24E518A300849232 /* SLEditImageController.m */ = {isa = PBXFileReference; fileEncoding = 4; lastKnownFileType = sourcecode.c.objc; path = SLEditImageController.m; sourceTree = "<group>"; };
		AA8A3CCF24E518A300849232 /* SLImageClipController.h */ = {isa = PBXFileReference; fileEncoding = 4; lastKnownFileType = sourcecode.c.h; path = SLImageClipController.h; sourceTree = "<group>"; };
		AA8A3CD124E518A300849232 /* SLGridView.m */ = {isa = PBXFileReference; fileEncoding = 4; lastKnownFileType = sourcecode.c.objc; path = SLGridView.m; sourceTree = "<group>"; };
		AA8A3CD224E518A300849232 /* SLEditTextView.m */ = {isa = PBXFileReference; fileEncoding = 4; lastKnownFileType = sourcecode.c.objc; path = SLEditTextView.m; sourceTree = "<group>"; };
		AA8A3CD324E518A300849232 /* SLDrawView.m */ = {isa = PBXFileReference; fileEncoding = 4; lastKnownFileType = sourcecode.c.objc; path = SLDrawView.m; sourceTree = "<group>"; };
		AA8A3CD424E518A300849232 /* SLEditMenuView.m */ = {isa = PBXFileReference; fileEncoding = 4; lastKnownFileType = sourcecode.c.objc; path = SLEditMenuView.m; sourceTree = "<group>"; };
		AA8A3CD524E518A300849232 /* SLImageZoomView.h */ = {isa = PBXFileReference; fileEncoding = 4; lastKnownFileType = sourcecode.c.h; path = SLImageZoomView.h; sourceTree = "<group>"; };
		AA8A3CD624E518A300849232 /* SLEditSelectedBox.h */ = {isa = PBXFileReference; fileEncoding = 4; lastKnownFileType = sourcecode.c.h; path = SLEditSelectedBox.h; sourceTree = "<group>"; };
		AA8A3CD724E518A300849232 /* SLEditVideoClipping.h */ = {isa = PBXFileReference; fileEncoding = 4; lastKnownFileType = sourcecode.c.h; path = SLEditVideoClipping.h; sourceTree = "<group>"; };
		AA8A3CD824E518A300849232 /* SLMosaicView.m */ = {isa = PBXFileReference; fileEncoding = 4; lastKnownFileType = sourcecode.c.objc; path = SLMosaicView.m; sourceTree = "<group>"; };
		AA8A3CD924E518A300849232 /* SLDrawView.h */ = {isa = PBXFileReference; fileEncoding = 4; lastKnownFileType = sourcecode.c.h; path = SLDrawView.h; sourceTree = "<group>"; };
		AA8A3CDA24E518A300849232 /* SLGridView.h */ = {isa = PBXFileReference; fileEncoding = 4; lastKnownFileType = sourcecode.c.h; path = SLGridView.h; sourceTree = "<group>"; };
		AA8A3CDB24E518A300849232 /* SLEditTextView.h */ = {isa = PBXFileReference; fileEncoding = 4; lastKnownFileType = sourcecode.c.h; path = SLEditTextView.h; sourceTree = "<group>"; };
		AA8A3CDC24E518A300849232 /* SLImageZoomView.m */ = {isa = PBXFileReference; fileEncoding = 4; lastKnownFileType = sourcecode.c.objc; path = SLImageZoomView.m; sourceTree = "<group>"; };
		AA8A3CDD24E518A300849232 /* SLEditMenuView.h */ = {isa = PBXFileReference; fileEncoding = 4; lastKnownFileType = sourcecode.c.h; path = SLEditMenuView.h; sourceTree = "<group>"; };
		AA8A3CDE24E518A300849232 /* SLEditVideoClipping.m */ = {isa = PBXFileReference; fileEncoding = 4; lastKnownFileType = sourcecode.c.objc; path = SLEditVideoClipping.m; sourceTree = "<group>"; };
		AA8A3CDF24E518A300849232 /* SLEditSelectedBox.m */ = {isa = PBXFileReference; fileEncoding = 4; lastKnownFileType = sourcecode.c.objc; path = SLEditSelectedBox.m; sourceTree = "<group>"; };
		AA8A3CE024E518A300849232 /* SLMosaicView.h */ = {isa = PBXFileReference; fileEncoding = 4; lastKnownFileType = sourcecode.c.h; path = SLMosaicView.h; sourceTree = "<group>"; };
		AA8A3CF324E518FD00849232 /* SLImageView.m */ = {isa = PBXFileReference; fileEncoding = 4; lastKnownFileType = sourcecode.c.objc; path = SLImageView.m; sourceTree = "<group>"; };
		AA8A3CF424E518FD00849232 /* SLImage.m */ = {isa = PBXFileReference; fileEncoding = 4; lastKnownFileType = sourcecode.c.objc; path = SLImage.m; sourceTree = "<group>"; };
		AA8A3CF624E518FD00849232 /* SLImage.h */ = {isa = PBXFileReference; fileEncoding = 4; lastKnownFileType = sourcecode.c.h; path = SLImage.h; sourceTree = "<group>"; };
		AA8A3CF724E518FD00849232 /* SLImageView.h */ = {isa = PBXFileReference; fileEncoding = 4; lastKnownFileType = sourcecode.c.h; path = SLImageView.h; sourceTree = "<group>"; };
		AA8A3CFB24E519BD00849232 /* SLImageDecoder.h */ = {isa = PBXFileReference; fileEncoding = 4; lastKnownFileType = sourcecode.c.h; path = SLImageDecoder.h; sourceTree = "<group>"; };
		AA8A3CFC24E519BD00849232 /* SLImageDecoder.m */ = {isa = PBXFileReference; fileEncoding = 4; lastKnownFileType = sourcecode.c.objc; path = SLImageDecoder.m; sourceTree = "<group>"; };
		AA8A3CFD24E519BD00849232 /* WebP.framework */ = {isa = PBXFileReference; lastKnownFileType = wrapper.framework; path = WebP.framework; sourceTree = "<group>"; };
		AA8A3D0024E51A5400849232 /* SLDelayPerform.h */ = {isa = PBXFileReference; fileEncoding = 4; lastKnownFileType = sourcecode.c.h; path = SLDelayPerform.h; sourceTree = "<group>"; };
		AA8A3D0124E51A5500849232 /* SLDelayPerform.m */ = {isa = PBXFileReference; fileEncoding = 4; lastKnownFileType = sourcecode.c.objc; path = SLDelayPerform.m; sourceTree = "<group>"; };
/* End PBXFileReference section */

/* Begin PBXFrameworksBuildPhase section */
		AA8A3B9B24E4F1A600849232 /* Frameworks */ = {
			isa = PBXFrameworksBuildPhase;
			buildActionMask = 2147483647;
			files = (
				AA8A3CFF24E519BD00849232 /* WebP.framework in Frameworks */,
				2E1FD7FDC71E8031D23EFD90 /* libPods-TextEditor.a in Frameworks */,
			);
			runOnlyForDeploymentPostprocessing = 0;
		};
/* End PBXFrameworksBuildPhase section */

/* Begin PBXGroup section */
		7B0DDF3AD01BB1F30EA7D140 /* Frameworks */ = {
			isa = PBXGroup;
			children = (
				55AFF959163711813A3E19B8 /* libPods-TextEditor.a */,
			);
			name = Frameworks;
			sourceTree = "<group>";
		};
		AA8A3B9524E4F1A600849232 = {
			isa = PBXGroup;
			children = (
				AA8A3BA024E4F1A600849232 /* TextEditor */,
				AA8A3B9F24E4F1A600849232 /* Products */,
				AD81DFAD250B0E2C80AEADF4 /* Pods */,
				7B0DDF3AD01BB1F30EA7D140 /* Frameworks */,
			);
			sourceTree = "<group>";
		};
		AA8A3B9F24E4F1A600849232 /* Products */ = {
			isa = PBXGroup;
			children = (
				AA8A3B9E24E4F1A600849232 /* TextEditor.app */,
			);
			name = Products;
			sourceTree = "<group>";
		};
		AA8A3BA024E4F1A600849232 /* TextEditor */ = {
			isa = PBXGroup;
			children = (
				AA8A3CB924E518A300849232 /* SmallVideo */,
				AA8A3BB524E4F23200849232 /* brige-brige.h */,
				AA8A3BA124E4F1A600849232 /* AppDelegate.swift */,
				AA8A3BA724E4F1A600849232 /* Main.storyboard */,
				AA8A3BAA24E4F1A700849232 /* Assets.xcassets */,
				AA8A3BAC24E4F1A700849232 /* LaunchScreen.storyboard */,
				AA8A3BAF24E4F1A700849232 /* Info.plist */,
			);
			path = TextEditor;
			sourceTree = "<group>";
		};
		AA8A3CB924E518A300849232 /* SmallVideo */ = {
			isa = PBXGroup;
			children = (
				AA8A3CBA24E518A300849232 /* SLTool */,
				AA8A3CCB24E518A300849232 /* Controller */,
				AA8A3CD024E518A300849232 /* View */,
			);
			path = SmallVideo;
			sourceTree = "<group>";
		};
		AA8A3CBA24E518A300849232 /* SLTool */ = {
			isa = PBXGroup;
			children = (
				AA8A3CC124E518A300849232 /* HeaderTool.h */,
				AA8A3D0024E51A5400849232 /* SLDelayPerform.h */,
				AA8A3D0124E51A5500849232 /* SLDelayPerform.m */,
				AA8A3CF124E518FD00849232 /* SLAnimateImageView */,
				AA8A3CC224E518A300849232 /* SLCategory */,
			);
			path = SLTool;
			sourceTree = "<group>";
		};
		AA8A3CC224E518A300849232 /* SLCategory */ = {
			isa = PBXGroup;
			children = (
				AA8A3CC724E518A300849232 /* UIColor+SLCommon.h */,
				AA8A3CC324E518A300849232 /* UIColor+SLCommon.m */,
				AA8A3CC524E518A300849232 /* UIImage+SLCommon.h */,
				AA8A3CCA24E518A300849232 /* UIImage+SLCommon.m */,
				AA8A3CC824E518A300849232 /* UIView+SLFrame.h */,
				AA8A3CC424E518A300849232 /* UIView+SLFrame.m */,
				AA8A3CC624E518A300849232 /* UIView+SLImage.h */,
				AA8A3CC924E518A300849232 /* UIView+SLImage.m */,
			);
			path = SLCategory;
			sourceTree = "<group>";
		};
		AA8A3CCB24E518A300849232 /* Controller */ = {
			isa = PBXGroup;
			children = (
				AA8A3CCC24E518A300849232 /* SLEditImageController.h */,
				AA8A3CCE24E518A300849232 /* SLEditImageController.m */,
				AA8A3CCF24E518A300849232 /* SLImageClipController.h */,
				AA8A3CCD24E518A300849232 /* SLImageClipController.m */,
			);
			path = Controller;
			sourceTree = "<group>";
		};
		AA8A3CD024E518A300849232 /* View */ = {
			isa = PBXGroup;
			children = (
				AA8A3CC024E518A300849232 /* SLBlurView.h */,
				AA8A3CBE24E518A300849232 /* SLBlurView.m */,
				AA8A3CD924E518A300849232 /* SLDrawView.h */,
				AA8A3CD324E518A300849232 /* SLDrawView.m */,
				AA8A3CDD24E518A300849232 /* SLEditMenuView.h */,
				AA8A3CD424E518A300849232 /* SLEditMenuView.m */,
				AA8A3CD624E518A300849232 /* SLEditSelectedBox.h */,
				AA8A3CDF24E518A300849232 /* SLEditSelectedBox.m */,
				AA8A3CDB24E518A300849232 /* SLEditTextView.h */,
				AA8A3CD224E518A300849232 /* SLEditTextView.m */,
				AA8A3CD724E518A300849232 /* SLEditVideoClipping.h */,
				AA8A3CDE24E518A300849232 /* SLEditVideoClipping.m */,
				AA8A3CDA24E518A300849232 /* SLGridView.h */,
				AA8A3CD124E518A300849232 /* SLGridView.m */,
				AA8A3CD524E518A300849232 /* SLImageZoomView.h */,
				AA8A3CDC24E518A300849232 /* SLImageZoomView.m */,
				AA8A3CE024E518A300849232 /* SLMosaicView.h */,
				AA8A3CD824E518A300849232 /* SLMosaicView.m */,
				AA8A3CBD24E518A300849232 /* SLPaddingLabel.h */,
				AA8A3CBF24E518A300849232 /* SLPaddingLabel.m */,
			);
			path = View;
			sourceTree = "<group>";
		};
		AA8A3CF124E518FD00849232 /* SLAnimateImageView */ = {
			isa = PBXGroup;
			children = (
				AA8A3CFB24E519BD00849232 /* SLImageDecoder.h */,
				AA8A3CFC24E519BD00849232 /* SLImageDecoder.m */,
				AA8A3CFD24E519BD00849232 /* WebP.framework */,
				AA8A3CF624E518FD00849232 /* SLImage.h */,
				AA8A3CF424E518FD00849232 /* SLImage.m */,
				AA8A3CF724E518FD00849232 /* SLImageView.h */,
				AA8A3CF324E518FD00849232 /* SLImageView.m */,
			);
			path = SLAnimateImageView;
			sourceTree = "<group>";
		};
		AD81DFAD250B0E2C80AEADF4 /* Pods */ = {
			isa = PBXGroup;
			children = (
				9E09A486D494604EA5FD2AFB /* Pods-TextEditor.debug.xcconfig */,
				1F6A8DDA6580FA87AE43FC3C /* Pods-TextEditor.release.xcconfig */,
			);
			path = Pods;
			sourceTree = "<group>";
		};
/* End PBXGroup section */

/* Begin PBXNativeTarget section */
		AA8A3B9D24E4F1A600849232 /* TextEditor */ = {
			isa = PBXNativeTarget;
			buildConfigurationList = AA8A3BB224E4F1A700849232 /* Build configuration list for PBXNativeTarget "TextEditor" */;
			buildPhases = (
				30C0BF871B66551D05B9CC53 /* [CP] Check Pods Manifest.lock */,
				AA8A3B9A24E4F1A600849232 /* Sources */,
				AA8A3B9B24E4F1A600849232 /* Frameworks */,
				AA8A3B9C24E4F1A600849232 /* Resources */,
			);
			buildRules = (
			);
			dependencies = (
			);
			name = TextEditor;
			productName = TextEditor;
			productReference = AA8A3B9E24E4F1A600849232 /* TextEditor.app */;
			productType = "com.apple.product-type.application";
		};
/* End PBXNativeTarget section */

/* Begin PBXProject section */
		AA8A3B9624E4F1A600849232 /* Project object */ = {
			isa = PBXProject;
			attributes = {
				LastSwiftUpdateCheck = 1150;
				LastUpgradeCheck = 1150;
				ORGANIZATIONNAME = com.uneed.yuni;
				TargetAttributes = {
					AA8A3B9D24E4F1A600849232 = {
						CreatedOnToolsVersion = 11.5;
					};
				};
			};
			buildConfigurationList = AA8A3B9924E4F1A600849232 /* Build configuration list for PBXProject "TextEditor" */;
			compatibilityVersion = "Xcode 9.3";
			developmentRegion = en;
			hasScannedForEncodings = 0;
			knownRegions = (
				en,
				Base,
			);
			mainGroup = AA8A3B9524E4F1A600849232;
			productRefGroup = AA8A3B9F24E4F1A600849232 /* Products */;
			projectDirPath = "";
			projectRoot = "";
			targets = (
				AA8A3B9D24E4F1A600849232 /* TextEditor */,
			);
		};
/* End PBXProject section */

/* Begin PBXResourcesBuildPhase section */
		AA8A3B9C24E4F1A600849232 /* Resources */ = {
			isa = PBXResourcesBuildPhase;
			buildActionMask = 2147483647;
			files = (
				AA8A3BAE24E4F1A700849232 /* LaunchScreen.storyboard in Resources */,
				AA8A3BAB24E4F1A700849232 /* Assets.xcassets in Resources */,
				AA8A3BA924E4F1A600849232 /* Main.storyboard in Resources */,
			);
			runOnlyForDeploymentPostprocessing = 0;
		};
/* End PBXResourcesBuildPhase section */

/* Begin PBXShellScriptBuildPhase section */
		30C0BF871B66551D05B9CC53 /* [CP] Check Pods Manifest.lock */ = {
			isa = PBXShellScriptBuildPhase;
			buildActionMask = 2147483647;
			files = (
			);
			inputFileListPaths = (
			);
			inputPaths = (
				"${PODS_PODFILE_DIR_PATH}/Podfile.lock",
				"${PODS_ROOT}/Manifest.lock",
			);
			name = "[CP] Check Pods Manifest.lock";
			outputFileListPaths = (
			);
			outputPaths = (
				"$(DERIVED_FILE_DIR)/Pods-TextEditor-checkManifestLockResult.txt",
			);
			runOnlyForDeploymentPostprocessing = 0;
			shellPath = /bin/sh;
			shellScript = "diff \"${PODS_PODFILE_DIR_PATH}/Podfile.lock\" \"${PODS_ROOT}/Manifest.lock\" > /dev/null\nif [ $? != 0 ] ; then\n    # print error to STDERR\n    echo \"error: The sandbox is not in sync with the Podfile.lock. Run 'pod install' or update your CocoaPods installation.\" >&2\n    exit 1\nfi\n# This output is used by Xcode 'outputs' to avoid re-running this script phase.\necho \"SUCCESS\" > \"${SCRIPT_OUTPUT_FILE_0}\"\n";
			showEnvVarsInLog = 0;
		};
/* End PBXShellScriptBuildPhase section */

/* Begin PBXSourcesBuildPhase section */
		AA8A3B9A24E4F1A600849232 /* Sources */ = {
			isa = PBXSourcesBuildPhase;
			buildActionMask = 2147483647;
			files = (
				AA8A3CE824E518A400849232 /* SLEditImageController.m in Sources */,
				AA8A3CEC24E518A400849232 /* SLEditMenuView.m in Sources */,
				AA8A3CEF24E518A400849232 /* SLEditVideoClipping.m in Sources */,
				AA8A3CE724E518A300849232 /* SLImageClipController.m in Sources */,
				AA8A3CEA24E518A400849232 /* SLEditTextView.m in Sources */,
				AA8A3CE424E518A300849232 /* UIView+SLFrame.m in Sources */,
				AA8A3CF024E518A400849232 /* SLEditSelectedBox.m in Sources */,
				AA8A3CF824E518FD00849232 /* SLImageView.m in Sources */,
				AA8A3CE224E518A300849232 /* SLPaddingLabel.m in Sources */,
				AA8A3CE624E518A300849232 /* UIImage+SLCommon.m in Sources */,
				AA8A3CE324E518A300849232 /* UIColor+SLCommon.m in Sources */,
				AA8A3CEB24E518A400849232 /* SLDrawView.m in Sources */,
				AA8A3CF924E518FD00849232 /* SLImage.m in Sources */,
				AA8A3CE124E518A300849232 /* SLBlurView.m in Sources */,
				AA8A3BA224E4F1A600849232 /* AppDelegate.swift in Sources */,
				AA8A3D0224E51A5500849232 /* SLDelayPerform.m in Sources */,
				AA8A3CE524E518A300849232 /* UIView+SLImage.m in Sources */,
				AA8A3CE924E518A400849232 /* SLGridView.m in Sources */,
				AA8A3CED24E518A400849232 /* SLMosaicView.m in Sources */,
				AA8A3CEE24E518A400849232 /* SLImageZoomView.m in Sources */,
				AA8A3CFE24E519BD00849232 /* SLImageDecoder.m in Sources */,
			);
			runOnlyForDeploymentPostprocessing = 0;
		};
/* End PBXSourcesBuildPhase section */

/* Begin PBXVariantGroup section */
		AA8A3BA724E4F1A600849232 /* Main.storyboard */ = {
			isa = PBXVariantGroup;
			children = (
				AA8A3BA824E4F1A600849232 /* Base */,
			);
			name = Main.storyboard;
			sourceTree = "<group>";
		};
		AA8A3BAC24E4F1A700849232 /* LaunchScreen.storyboard */ = {
			isa = PBXVariantGroup;
			children = (
				AA8A3BAD24E4F1A700849232 /* Base */,
			);
			name = LaunchScreen.storyboard;
			sourceTree = "<group>";
		};
/* End PBXVariantGroup section */

/* Begin XCBuildConfiguration section */
		AA8A3BB024E4F1A700849232 /* Debug */ = {
			isa = XCBuildConfiguration;
			buildSettings = {
				ALWAYS_SEARCH_USER_PATHS = NO;
				CLANG_ANALYZER_NONNULL = YES;
				CLANG_ANALYZER_NUMBER_OBJECT_CONVERSION = YES_AGGRESSIVE;
				CLANG_CXX_LANGUAGE_STANDARD = "gnu++14";
				CLANG_CXX_LIBRARY = "libc++";
				CLANG_ENABLE_MODULES = YES;
				CLANG_ENABLE_OBJC_ARC = YES;
				CLANG_ENABLE_OBJC_WEAK = YES;
				CLANG_WARN_BLOCK_CAPTURE_AUTORELEASING = YES;
				CLANG_WARN_BOOL_CONVERSION = YES;
				CLANG_WARN_COMMA = YES;
				CLANG_WARN_CONSTANT_CONVERSION = YES;
				CLANG_WARN_DEPRECATED_OBJC_IMPLEMENTATIONS = YES;
				CLANG_WARN_DIRECT_OBJC_ISA_USAGE = YES_ERROR;
				CLANG_WARN_DOCUMENTATION_COMMENTS = YES;
				CLANG_WARN_EMPTY_BODY = YES;
				CLANG_WARN_ENUM_CONVERSION = YES;
				CLANG_WARN_INFINITE_RECURSION = YES;
				CLANG_WARN_INT_CONVERSION = YES;
				CLANG_WARN_NON_LITERAL_NULL_CONVERSION = YES;
				CLANG_WARN_OBJC_IMPLICIT_RETAIN_SELF = YES;
				CLANG_WARN_OBJC_LITERAL_CONVERSION = YES;
				CLANG_WARN_OBJC_ROOT_CLASS = YES_ERROR;
				CLANG_WARN_RANGE_LOOP_ANALYSIS = YES;
				CLANG_WARN_STRICT_PROTOTYPES = YES;
				CLANG_WARN_SUSPICIOUS_MOVE = YES;
				CLANG_WARN_UNGUARDED_AVAILABILITY = YES_AGGRESSIVE;
				CLANG_WARN_UNREACHABLE_CODE = YES;
				CLANG_WARN__DUPLICATE_METHOD_MATCH = YES;
				COPY_PHASE_STRIP = NO;
				DEBUG_INFORMATION_FORMAT = dwarf;
				ENABLE_STRICT_OBJC_MSGSEND = YES;
				ENABLE_TESTABILITY = YES;
				GCC_C_LANGUAGE_STANDARD = gnu11;
				GCC_DYNAMIC_NO_PIC = NO;
				GCC_NO_COMMON_BLOCKS = YES;
				GCC_OPTIMIZATION_LEVEL = 0;
				GCC_PREPROCESSOR_DEFINITIONS = (
					"DEBUG=1",
					"$(inherited)",
				);
				GCC_WARN_64_TO_32_BIT_CONVERSION = YES;
				GCC_WARN_ABOUT_RETURN_TYPE = YES_ERROR;
				GCC_WARN_UNDECLARED_SELECTOR = YES;
				GCC_WARN_UNINITIALIZED_AUTOS = YES_AGGRESSIVE;
				GCC_WARN_UNUSED_FUNCTION = YES;
				GCC_WARN_UNUSED_VARIABLE = YES;
				IPHONEOS_DEPLOYMENT_TARGET = 11.3;
				MTL_ENABLE_DEBUG_INFO = INCLUDE_SOURCE;
				MTL_FAST_MATH = YES;
				ONLY_ACTIVE_ARCH = YES;
				SDKROOT = iphoneos;
				SWIFT_ACTIVE_COMPILATION_CONDITIONS = DEBUG;
				SWIFT_OPTIMIZATION_LEVEL = "-Onone";
			};
			name = Debug;
		};
		AA8A3BB124E4F1A700849232 /* Release */ = {
			isa = XCBuildConfiguration;
			buildSettings = {
				ALWAYS_SEARCH_USER_PATHS = NO;
				CLANG_ANALYZER_NONNULL = YES;
				CLANG_ANALYZER_NUMBER_OBJECT_CONVERSION = YES_AGGRESSIVE;
				CLANG_CXX_LANGUAGE_STANDARD = "gnu++14";
				CLANG_CXX_LIBRARY = "libc++";
				CLANG_ENABLE_MODULES = YES;
				CLANG_ENABLE_OBJC_ARC = YES;
				CLANG_ENABLE_OBJC_WEAK = YES;
				CLANG_WARN_BLOCK_CAPTURE_AUTORELEASING = YES;
				CLANG_WARN_BOOL_CONVERSION = YES;
				CLANG_WARN_COMMA = YES;
				CLANG_WARN_CONSTANT_CONVERSION = YES;
				CLANG_WARN_DEPRECATED_OBJC_IMPLEMENTATIONS = YES;
				CLANG_WARN_DIRECT_OBJC_ISA_USAGE = YES_ERROR;
				CLANG_WARN_DOCUMENTATION_COMMENTS = YES;
				CLANG_WARN_EMPTY_BODY = YES;
				CLANG_WARN_ENUM_CONVERSION = YES;
				CLANG_WARN_INFINITE_RECURSION = YES;
				CLANG_WARN_INT_CONVERSION = YES;
				CLANG_WARN_NON_LITERAL_NULL_CONVERSION = YES;
				CLANG_WARN_OBJC_IMPLICIT_RETAIN_SELF = YES;
				CLANG_WARN_OBJC_LITERAL_CONVERSION = YES;
				CLANG_WARN_OBJC_ROOT_CLASS = YES_ERROR;
				CLANG_WARN_RANGE_LOOP_ANALYSIS = YES;
				CLANG_WARN_STRICT_PROTOTYPES = YES;
				CLANG_WARN_SUSPICIOUS_MOVE = YES;
				CLANG_WARN_UNGUARDED_AVAILABILITY = YES_AGGRESSIVE;
				CLANG_WARN_UNREACHABLE_CODE = YES;
				CLANG_WARN__DUPLICATE_METHOD_MATCH = YES;
				COPY_PHASE_STRIP = NO;
				DEBUG_INFORMATION_FORMAT = "dwarf-with-dsym";
				ENABLE_NS_ASSERTIONS = NO;
				ENABLE_STRICT_OBJC_MSGSEND = YES;
				GCC_C_LANGUAGE_STANDARD = gnu11;
				GCC_NO_COMMON_BLOCKS = YES;
				GCC_WARN_64_TO_32_BIT_CONVERSION = YES;
				GCC_WARN_ABOUT_RETURN_TYPE = YES_ERROR;
				GCC_WARN_UNDECLARED_SELECTOR = YES;
				GCC_WARN_UNINITIALIZED_AUTOS = YES_AGGRESSIVE;
				GCC_WARN_UNUSED_FUNCTION = YES;
				GCC_WARN_UNUSED_VARIABLE = YES;
				IPHONEOS_DEPLOYMENT_TARGET = 11.3;
				MTL_ENABLE_DEBUG_INFO = NO;
				MTL_FAST_MATH = YES;
				SDKROOT = iphoneos;
				SWIFT_COMPILATION_MODE = wholemodule;
				SWIFT_OPTIMIZATION_LEVEL = "-O";
				VALIDATE_PRODUCT = YES;
			};
			name = Release;
		};
		AA8A3BB324E4F1A700849232 /* Debug */ = {
			isa = XCBuildConfiguration;
			baseConfigurationReference = 9E09A486D494604EA5FD2AFB /* Pods-TextEditor.debug.xcconfig */;
			buildSettings = {
				ASSETCATALOG_COMPILER_APPICON_NAME = AppIcon;
				CODE_SIGN_STYLE = Automatic;
				DEVELOPMENT_TEAM = 62P274T384;
				FRAMEWORK_SEARCH_PATHS = (
					"$(inherited)",
					"$(PROJECT_DIR)/TextEditor/SmallVideo/SLTool/General/SLAnimateImageView",
					"$(PROJECT_DIR)/TextEditor/SmallVideo/SLTool/SLAnimateImageView",
				);
				INFOPLIST_FILE = TextEditor/Info.plist;
				LD_RUNPATH_SEARCH_PATHS = (
					"$(inherited)",
					"@executable_path/Frameworks",
				);
				PRODUCT_BUNDLE_IDENTIFIER = com.uneed.yuni.TextEditor;
				PRODUCT_NAME = "$(TARGET_NAME)";
				SWIFT_OBJC_BRIDGING_HEADER = "$(SRCROOT)/TextEditor/brige-brige.h";
				SWIFT_VERSION = 5.0;
				TARGETED_DEVICE_FAMILY = "1,2";
			};
			name = Debug;
		};
		AA8A3BB424E4F1A700849232 /* Release */ = {
			isa = XCBuildConfiguration;
			baseConfigurationReference = 1F6A8DDA6580FA87AE43FC3C /* Pods-TextEditor.release.xcconfig */;
			buildSettings = {
				ASSETCATALOG_COMPILER_APPICON_NAME = AppIcon;
				CODE_SIGN_STYLE = Automatic;
				DEVELOPMENT_TEAM = 62P274T384;
				FRAMEWORK_SEARCH_PATHS = (
					"$(inherited)",
					"$(PROJECT_DIR)/TextEditor/SmallVideo/SLTool/General/SLAnimateImageView",
					"$(PROJECT_DIR)/TextEditor/SmallVideo/SLTool/SLAnimateImageView",
				);
				INFOPLIST_FILE = TextEditor/Info.plist;
				LD_RUNPATH_SEARCH_PATHS = (
					"$(inherited)",
					"@executable_path/Frameworks",
				);
				PRODUCT_BUNDLE_IDENTIFIER = com.uneed.yuni.TextEditor;
				PRODUCT_NAME = "$(TARGET_NAME)";
				SWIFT_OBJC_BRIDGING_HEADER = "$(SRCROOT)/TextEditor/brige-brige.h";
				SWIFT_VERSION = 5.0;
				TARGETED_DEVICE_FAMILY = "1,2";
			};
			name = Release;
		};
/* End XCBuildConfiguration section */

/* Begin XCConfigurationList section */
		AA8A3B9924E4F1A600849232 /* Build configuration list for PBXProject "TextEditor" */ = {
			isa = XCConfigurationList;
			buildConfigurations = (
				AA8A3BB024E4F1A700849232 /* Debug */,
				AA8A3BB124E4F1A700849232 /* Release */,
			);
			defaultConfigurationIsVisible = 0;
			defaultConfigurationName = Release;
		};
		AA8A3BB224E4F1A700849232 /* Build configuration list for PBXNativeTarget "TextEditor" */ = {
			isa = XCConfigurationList;
			buildConfigurations = (
				AA8A3BB324E4F1A700849232 /* Debug */,
				AA8A3BB424E4F1A700849232 /* Release */,
			);
			defaultConfigurationIsVisible = 0;
			defaultConfigurationName = Release;
		};
/* End XCConfigurationList section */
	};
	rootObject = AA8A3B9624E4F1A600849232 /* Project object */;
}
